{
  "pins" : [
    {
      "identity" : "iosintpackage",
      "kind" : "remoteSourceControl",
      "location" : "https://github.com/TrueMax/iOSIntPackage.git",
      "state" : {
        "revision" : "e1cc0e1b76d7cb8f770d903d85ae9ed91ae026bd",
        "version" : "3.2.3"
      }
    },
    {
      "identity" : "realm-core",
      "kind" : "remoteSourceControl",
      "location" : "https://github.com/realm/realm-core",
      "state" : {
        "revision" : "55a48c287b5e3a8ca129c257ec7e3b92bcb2a05f",
        "version" : "12.3.0"
      }
    },
    {
      "identity" : "realm-swift",
      "kind" : "remoteSourceControl",
      "location" : "https://github.com/realm/realm-swift",
      "state" : {
        "branch" : "master",
        "revision" : "2e5aa3151d40daf0a4e2620a9c0e270632df065d"
      }
    },
    {
      "identity" : "youtubeplayer-in-wkwebview",
      "kind" : "remoteSourceControl",
      "location" : "https://github.com/hmhv/YoutubePlayer-in-WKWebView.git",
      "state" : {
        "revision" : "970bf5f089171c78622633e9112e9d8730ace758",
        "version" : "0.3.8"
      }
    }
  ],
  "version" : 2
}
